
Microsoft Visual Studio Solution File, Format Version 12.00
# Visual Studio Version 16
VisualStudioVersion = 16.0.30523.141
MinimumVisualStudioVersion = 10.0.40219.1
Project("{9A19103F-16F7-4668-BE54-9A1E7A4F7556}") = "OnlineExamination", "OnlineExamination.csproj", "{C723B94B-1E8A-41EC-A23D-7F107D0665F6}"
EndProject
Global
	GlobalSection(SolutionConfigurationPlatforms) = preSolution
		Debug|Any CPU = Debug|Any CPU
		Release|Any CPU = Release|Any CPU
	EndGlobalSection
	GlobalSection(ProjectConfigurationPlatforms) = postSolution
		{C723B94B-1E8A-41EC-A23D-7F107D0665F6}.Debug|Any CPU.ActiveCfg = Debug|Any CPU
		{C723B94B-1E8A-41EC-A23D-7F107D0665F6}.Debug|Any CPU.Build.0 = Debug|Any CPU
		{C723B94B-1E8A-41EC-A23D-7F107D0665F6}.Release|Any CPU.ActiveCfg = Release|Any CPU
		{C723B94B-1E8A-41EC-A23D-7F107D0665F6}.Release|Any CPU.Build.0 = Release|Any CPU
	EndGlobalSection
	GlobalSection(SolutionProperties) = preSolution
		HideSolutionNode = FALSE
	EndGlobalSection
	GlobalSection(ExtensibilityGlobals) = postSolution
		SolutionGuid = {7BA7130D-FDC9-4C25-9F7F-C978A3E30C96}
	EndGlobalSection
EndGlobal
